
Microsoft Visual Studio Solution File, Format Version 12.00
# Visual Studio 15
VisualStudioVersion = 15.0.28307.902
MinimumVisualStudioVersion = 10.0.40219.1
Project("{FAE04EC0-301F-11D3-BF4B-00C04F79EFBC}") = "ConsoleApp1", "ConsoleApp1\ConsoleApp1.csproj", "{3EA20D5A-6872-45B1-BC49-397788712C73}"
EndProject
Global
	GlobalSection(SolutionConfigurationPlatforms) = preSolution
		Debug|Any CPU = Debug|Any CPU
		Release|Any CPU = Release|Any CPU
	EndGlobalSection
	GlobalSection(ProjectConfigurationPlatforms) = postSolution
		{3EA20D5A-6872-45B1-BC49-397788712C73}.Debug|Any CPU.ActiveCfg = Debug|Any CPU
		{3EA20D5A-6872-45B1-BC49-397788712C73}.Debug|Any CPU.Build.0 = Debug|Any CPU
		{3EA20D5A-6872-45B1-BC49-397788712C73}.Release|Any CPU.ActiveCfg = Release|Any CPU
		{3EA20D5A-6872-45B1-BC49-397788712C73}.Release|Any CPU.Build.0 = Release|Any CPU
	EndGlobalSection
	GlobalSection(SolutionProperties) = preSolution
		HideSolutionNode = FALSE
	EndGlobalSection
	GlobalSection(ExtensibilityGlobals) = postSolution
		SolutionGuid = {316DC215-1C0E-419E-ACBE-A2084F246ADE}
	EndGlobalSection
EndGlobal
